
Microsoft Visual Studio Solution File, Format Version 12.00
# Visual Studio 15
VisualStudioVersion = 15.0.27004.2005
MinimumVisualStudioVersion = 10.0.40219.1
Project("{9A19103F-16F7-4668-BE54-9A1E7A4F7556}") = "Infraestructure.Core", "Infraestructure.Core\Infraestructure.Core.csproj", "{841C2E0D-567B-4DE3-B805-E80015A1E19F}"
EndProject
Project("{2150E333-8FDC-42A3-9474-1A3956D46DE8}") = "Investimentos", "Investimentos", "{A79C6905-C4A7-47D4-B111-EBDB436A0D06}"
EndProject
Project("{2150E333-8FDC-42A3-9474-1A3956D46DE8}") = "Infraestrutura", "Infraestrutura", "{F8F02509-54F6-4ED6-8769-282B1EAAB073}"
EndProject
Project("{2150E333-8FDC-42A3-9474-1A3956D46DE8}") = "Soluções", "Soluções", "{52447298-03A5-4697-B25D-F2C0234B79CF}"
EndProject
Project("{9A19103F-16F7-4668-BE54-9A1E7A4F7556}") = "Infraestructure.Core.Data", "Infraestructure.Core.Data\Infraestructure.Core.Data.csproj", "{FCEBCEC0-216C-4FC6-AAD6-DF53AAA5D9A9}"
EndProject
Project("{2150E333-8FDC-42A3-9474-1A3956D46DE8}") = "Núcleo Compartilhado", "Núcleo Compartilhado", "{40B34AE2-0C9A-4263-9889-2C3E4150D654}"
EndProject
Project("{9A19103F-16F7-4668-BE54-9A1E7A4F7556}") = "Cooperativa.NucleoCompartilhado", "Cooperativa.NucleoCompartilhado\Cooperativa.NucleoCompartilhado.csproj", "{7176454D-9FFE-4F1F-855B-4C289FA56859}"
EndProject
Project("{9A19103F-16F7-4668-BE54-9A1E7A4F7556}") = "Cooperativa.Investimentos", "Cooperativa.Investimentos\Cooperativa.Investimentos.csproj", "{D829FF0B-39C1-4920-8BD3-3EF036D85E73}"
EndProject
Project("{9A19103F-16F7-4668-BE54-9A1E7A4F7556}") = "Infraestructure.CrossCutting", "Infraestructure.CrossCutting\Infraestructure.CrossCutting.csproj", "{43A26841-A653-46C3-B0B8-7FE015405ED0}"
EndProject
Project("{9A19103F-16F7-4668-BE54-9A1E7A4F7556}") = "Cooperativa.Investimentos.Storer", "Cooperativa.Investimentos.Storer\Cooperativa.Investimentos.Storer.csproj", "{67A39A6F-4B01-40D0-AF6E-A61120EB80C0}"
EndProject
Project("{9A19103F-16F7-4668-BE54-9A1E7A4F7556}") = "Infraestructure.BusProvider", "Infraestructure.BusProvider\Infraestructure.BusProvider.csproj", "{5C0E0748-5BF3-448F-A713-A7CA7B039B3C}"
EndProject
Project("{2150E333-8FDC-42A3-9474-1A3956D46DE8}") = "Providers", "Providers", "{C865B215-4645-4A0E-AC62-3C096F2AD1FD}"
EndProject
Project("{9A19103F-16F7-4668-BE54-9A1E7A4F7556}") = "Cooperativa.Investimentos.WebAPI", "Cooperativa.Investimentos.WebAPI\Cooperativa.Investimentos.WebAPI.csproj", "{B34F3CD8-4D0C-4558-87B6-CEEDA9F565B5}"
EndProject
Project("{9A19103F-16F7-4668-BE54-9A1E7A4F7556}") = "Infraestructure.NativeInjectorProvider", "Infraestructure.SimpleInjectorProvider\Infraestructure.NativeInjectorProvider.csproj", "{9FE3C130-27A4-478C-B4FA-41AEF2582171}"
EndProject
Project("{9A19103F-16F7-4668-BE54-9A1E7A4F7556}") = "Infraestructure.Core.Data.DapperProvider", "Infraestructure.Core.Data.DapperProvider\Infraestructure.Core.Data.DapperProvider.csproj", "{86138214-32B6-496F-9B25-627311EA0C53}"
EndProject
Project("{FAE04EC0-301F-11D3-BF4B-00C04F79EFBC}") = "Infraestructure.SerializerProvider", "Infraestructure.SerializerProvider\Infraestructure.SerializerProvider.csproj", "{B57C843E-FE36-4FD0-8552-92A855AA359B}"
EndProject
Global
	GlobalSection(SolutionConfigurationPlatforms) = preSolution
		Debug|Any CPU = Debug|Any CPU
		Release|Any CPU = Release|Any CPU
	EndGlobalSection
	GlobalSection(ProjectConfigurationPlatforms) = postSolution
		{841C2E0D-567B-4DE3-B805-E80015A1E19F}.Debug|Any CPU.ActiveCfg = Debug|Any CPU
		{841C2E0D-567B-4DE3-B805-E80015A1E19F}.Debug|Any CPU.Build.0 = Debug|Any CPU
		{841C2E0D-567B-4DE3-B805-E80015A1E19F}.Release|Any CPU.ActiveCfg = Release|Any CPU
		{841C2E0D-567B-4DE3-B805-E80015A1E19F}.Release|Any CPU.Build.0 = Release|Any CPU
		{FCEBCEC0-216C-4FC6-AAD6-DF53AAA5D9A9}.Debug|Any CPU.ActiveCfg = Debug|Any CPU
		{FCEBCEC0-216C-4FC6-AAD6-DF53AAA5D9A9}.Debug|Any CPU.Build.0 = Debug|Any CPU
		{FCEBCEC0-216C-4FC6-AAD6-DF53AAA5D9A9}.Release|Any CPU.ActiveCfg = Release|Any CPU
		{FCEBCEC0-216C-4FC6-AAD6-DF53AAA5D9A9}.Release|Any CPU.Build.0 = Release|Any CPU
		{7176454D-9FFE-4F1F-855B-4C289FA56859}.Debug|Any CPU.ActiveCfg = Debug|Any CPU
		{7176454D-9FFE-4F1F-855B-4C289FA56859}.Debug|Any CPU.Build.0 = Debug|Any CPU
		{7176454D-9FFE-4F1F-855B-4C289FA56859}.Release|Any CPU.ActiveCfg = Release|Any CPU
		{7176454D-9FFE-4F1F-855B-4C289FA56859}.Release|Any CPU.Build.0 = Release|Any CPU
		{D829FF0B-39C1-4920-8BD3-3EF036D85E73}.Debug|Any CPU.ActiveCfg = Debug|Any CPU
		{D829FF0B-39C1-4920-8BD3-3EF036D85E73}.Debug|Any CPU.Build.0 = Debug|Any CPU
		{D829FF0B-39C1-4920-8BD3-3EF036D85E73}.Release|Any CPU.ActiveCfg = Release|Any CPU
		{D829FF0B-39C1-4920-8BD3-3EF036D85E73}.Release|Any CPU.Build.0 = Release|Any CPU
		{43A26841-A653-46C3-B0B8-7FE015405ED0}.Debug|Any CPU.ActiveCfg = Debug|Any CPU
		{43A26841-A653-46C3-B0B8-7FE015405ED0}.Debug|Any CPU.Build.0 = Debug|Any CPU
		{43A26841-A653-46C3-B0B8-7FE015405ED0}.Release|Any CPU.ActiveCfg = Release|Any CPU
		{43A26841-A653-46C3-B0B8-7FE015405ED0}.Release|Any CPU.Build.0 = Release|Any CPU
		{67A39A6F-4B01-40D0-AF6E-A61120EB80C0}.Debug|Any CPU.ActiveCfg = Debug|Any CPU
		{67A39A6F-4B01-40D0-AF6E-A61120EB80C0}.Debug|Any CPU.Build.0 = Debug|Any CPU
		{67A39A6F-4B01-40D0-AF6E-A61120EB80C0}.Release|Any CPU.ActiveCfg = Release|Any CPU
		{67A39A6F-4B01-40D0-AF6E-A61120EB80C0}.Release|Any CPU.Build.0 = Release|Any CPU
		{5C0E0748-5BF3-448F-A713-A7CA7B039B3C}.Debug|Any CPU.ActiveCfg = Debug|Any CPU
		{5C0E0748-5BF3-448F-A713-A7CA7B039B3C}.Debug|Any CPU.Build.0 = Debug|Any CPU
		{5C0E0748-5BF3-448F-A713-A7CA7B039B3C}.Release|Any CPU.ActiveCfg = Release|Any CPU
		{5C0E0748-5BF3-448F-A713-A7CA7B039B3C}.Release|Any CPU.Build.0 = Release|Any CPU
		{B34F3CD8-4D0C-4558-87B6-CEEDA9F565B5}.Debug|Any CPU.ActiveCfg = Debug|Any CPU
		{B34F3CD8-4D0C-4558-87B6-CEEDA9F565B5}.Debug|Any CPU.Build.0 = Debug|Any CPU
		{B34F3CD8-4D0C-4558-87B6-CEEDA9F565B5}.Release|Any CPU.ActiveCfg = Release|Any CPU
		{B34F3CD8-4D0C-4558-87B6-CEEDA9F565B5}.Release|Any CPU.Build.0 = Release|Any CPU
		{9FE3C130-27A4-478C-B4FA-41AEF2582171}.Debug|Any CPU.ActiveCfg = Debug|Any CPU
		{9FE3C130-27A4-478C-B4FA-41AEF2582171}.Debug|Any CPU.Build.0 = Debug|Any CPU
		{9FE3C130-27A4-478C-B4FA-41AEF2582171}.Release|Any CPU.ActiveCfg = Release|Any CPU
		{9FE3C130-27A4-478C-B4FA-41AEF2582171}.Release|Any CPU.Build.0 = Release|Any CPU
		{86138214-32B6-496F-9B25-627311EA0C53}.Debug|Any CPU.ActiveCfg = Debug|Any CPU
		{86138214-32B6-496F-9B25-627311EA0C53}.Debug|Any CPU.Build.0 = Debug|Any CPU
		{86138214-32B6-496F-9B25-627311EA0C53}.Release|Any CPU.ActiveCfg = Release|Any CPU
		{86138214-32B6-496F-9B25-627311EA0C53}.Release|Any CPU.Build.0 = Release|Any CPU
		{B57C843E-FE36-4FD0-8552-92A855AA359B}.Debug|Any CPU.ActiveCfg = Debug|Any CPU
		{B57C843E-FE36-4FD0-8552-92A855AA359B}.Debug|Any CPU.Build.0 = Debug|Any CPU
		{B57C843E-FE36-4FD0-8552-92A855AA359B}.Release|Any CPU.ActiveCfg = Release|Any CPU
		{B57C843E-FE36-4FD0-8552-92A855AA359B}.Release|Any CPU.Build.0 = Release|Any CPU
	EndGlobalSection
	GlobalSection(SolutionProperties) = preSolution
		HideSolutionNode = FALSE
	EndGlobalSection
	GlobalSection(NestedProjects) = preSolution
		{841C2E0D-567B-4DE3-B805-E80015A1E19F} = {F8F02509-54F6-4ED6-8769-282B1EAAB073}
		{A79C6905-C4A7-47D4-B111-EBDB436A0D06} = {52447298-03A5-4697-B25D-F2C0234B79CF}
		{FCEBCEC0-216C-4FC6-AAD6-DF53AAA5D9A9} = {F8F02509-54F6-4ED6-8769-282B1EAAB073}
		{7176454D-9FFE-4F1F-855B-4C289FA56859} = {40B34AE2-0C9A-4263-9889-2C3E4150D654}
		{D829FF0B-39C1-4920-8BD3-3EF036D85E73} = {A79C6905-C4A7-47D4-B111-EBDB436A0D06}
		{43A26841-A653-46C3-B0B8-7FE015405ED0} = {F8F02509-54F6-4ED6-8769-282B1EAAB073}
		{67A39A6F-4B01-40D0-AF6E-A61120EB80C0} = {A79C6905-C4A7-47D4-B111-EBDB436A0D06}
		{5C0E0748-5BF3-448F-A713-A7CA7B039B3C} = {C865B215-4645-4A0E-AC62-3C096F2AD1FD}
		{C865B215-4645-4A0E-AC62-3C096F2AD1FD} = {F8F02509-54F6-4ED6-8769-282B1EAAB073}
		{B34F3CD8-4D0C-4558-87B6-CEEDA9F565B5} = {A79C6905-C4A7-47D4-B111-EBDB436A0D06}
		{9FE3C130-27A4-478C-B4FA-41AEF2582171} = {C865B215-4645-4A0E-AC62-3C096F2AD1FD}
		{86138214-32B6-496F-9B25-627311EA0C53} = {C865B215-4645-4A0E-AC62-3C096F2AD1FD}
		{B57C843E-FE36-4FD0-8552-92A855AA359B} = {C865B215-4645-4A0E-AC62-3C096F2AD1FD}
	EndGlobalSection
	GlobalSection(ExtensibilityGlobals) = postSolution
		SolutionGuid = {3FAF982C-C44B-4FDF-B8FE-A01499853104}
	EndGlobalSection
EndGlobal
